
Microsoft Visual Studio Solution File, Format Version 12.00
# Visual Studio Version 17
VisualStudioVersion = 17.8.34511.84
MinimumVisualStudioVersion = 10.0.40219.1
Project("{FAE04EC0-301F-11D3-BF4B-00C04F79EFBC}") = "ConsoleAppHomework Core0502", "ConsoleAppHomework Core0502.csproj", "{4FAFA7CF-E54A-48E2-B891-81447D769B89}"
EndProject
Global
	GlobalSection(SolutionConfigurationPlatforms) = preSolution
		Debug|Any CPU = Debug|Any CPU
		Release|Any CPU = Release|Any CPU
	EndGlobalSection
	GlobalSection(ProjectConfigurationPlatforms) = postSolution
		{4FAFA7CF-E54A-48E2-B891-81447D769B89}.Debug|Any CPU.ActiveCfg = Debug|Any CPU
		{4FAFA7CF-E54A-48E2-B891-81447D769B89}.Debug|Any CPU.Build.0 = Debug|Any CPU
		{4FAFA7CF-E54A-48E2-B891-81447D769B89}.Release|Any CPU.ActiveCfg = Release|Any CPU
		{4FAFA7CF-E54A-48E2-B891-81447D769B89}.Release|Any CPU.Build.0 = Release|Any CPU
	EndGlobalSection
	GlobalSection(SolutionProperties) = preSolution
		HideSolutionNode = FALSE
	EndGlobalSection
	GlobalSection(ExtensibilityGlobals) = postSolution
		SolutionGuid = {9421DD38-3CA0-440B-A417-7B7C0B96E778}
	EndGlobalSection
EndGlobal
